
Microsoft Visual Studio Solution File, Format Version 12.00
# Visual Studio Version 17
VisualStudioVersion = 17.3.32901.215
MinimumVisualStudioVersion = 10.0.40219.1
Project("{FAE04EC0-301F-11D3-BF4B-00C04F79EFBC}") = "LFG", "LFG\LFG.csproj", "{CFF18852-A2D7-44B0-94B4-1AE4473DC771}"
EndProject
Global
	GlobalSection(SolutionConfigurationPlatforms) = preSolution
		Debug|Any CPU = Debug|Any CPU
		Release|Any CPU = Release|Any CPU
	EndGlobalSection
	GlobalSection(ProjectConfigurationPlatforms) = postSolution
		{CFF18852-A2D7-44B0-94B4-1AE4473DC771}.Debug|Any CPU.ActiveCfg = Debug|Any CPU
		{CFF18852-A2D7-44B0-94B4-1AE4473DC771}.Debug|Any CPU.Build.0 = Debug|Any CPU
		{CFF18852-A2D7-44B0-94B4-1AE4473DC771}.Release|Any CPU.ActiveCfg = Release|Any CPU
		{CFF18852-A2D7-44B0-94B4-1AE4473DC771}.Release|Any CPU.Build.0 = Release|Any CPU
	EndGlobalSection
	GlobalSection(SolutionProperties) = preSolution
		HideSolutionNode = FALSE
	EndGlobalSection
	GlobalSection(ExtensibilityGlobals) = postSolution
		SolutionGuid = {BDFE46BC-E6F3-475C-A1FF-7F58A63BE32F}
	EndGlobalSection
EndGlobal
