
Microsoft Visual Studio Solution File, Format Version 12.00
# Visual Studio Version 17
VisualStudioVersion = 17.3.32929.385
MinimumVisualStudioVersion = 10.0.40219.1
Project("{9A19103F-16F7-4668-BE54-9A1E7A4F7556}") = "LFG", "LFG.csproj", "{CE426255-471E-4BC1-A0B3-FF2336C106A8}"
EndProject
Global
	GlobalSection(SolutionConfigurationPlatforms) = preSolution
		Debug|Any CPU = Debug|Any CPU
		Release|Any CPU = Release|Any CPU
	EndGlobalSection
	GlobalSection(ProjectConfigurationPlatforms) = postSolution
		{CE426255-471E-4BC1-A0B3-FF2336C106A8}.Debug|Any CPU.ActiveCfg = Debug|Any CPU
		{CE426255-471E-4BC1-A0B3-FF2336C106A8}.Debug|Any CPU.Build.0 = Debug|Any CPU
		{CE426255-471E-4BC1-A0B3-FF2336C106A8}.Release|Any CPU.ActiveCfg = Release|Any CPU
		{CE426255-471E-4BC1-A0B3-FF2336C106A8}.Release|Any CPU.Build.0 = Release|Any CPU
	EndGlobalSection
	GlobalSection(SolutionProperties) = preSolution
		HideSolutionNode = FALSE
	EndGlobalSection
	GlobalSection(ExtensibilityGlobals) = postSolution
		SolutionGuid = {46F97AF2-B044-41A4-9377-0256C4CB8C04}
	EndGlobalSection
EndGlobal
